
Microsoft Visual Studio Solution File, Format Version 12.00
# Visual Studio Version 17
VisualStudioVersion = 17.0.32126.317
MinimumVisualStudioVersion = 10.0.40219.1
Project("{FAE04EC0-301F-11D3-BF4B-00C04F79EFBC}") = "ConsoleApp1", "ConsoleApp1\ConsoleApp1.csproj", "{376C6BE0-2C32-4F06-B416-A45C290B594C}"
EndProject
Global
	GlobalSection(SolutionConfigurationPlatforms) = preSolution
		Debug|Any CPU = Debug|Any CPU
		Release|Any CPU = Release|Any CPU
	EndGlobalSection
	GlobalSection(ProjectConfigurationPlatforms) = postSolution
		{376C6BE0-2C32-4F06-B416-A45C290B594C}.Debug|Any CPU.ActiveCfg = Debug|Any CPU
		{376C6BE0-2C32-4F06-B416-A45C290B594C}.Debug|Any CPU.Build.0 = Debug|Any CPU
		{376C6BE0-2C32-4F06-B416-A45C290B594C}.Release|Any CPU.ActiveCfg = Release|Any CPU
		{376C6BE0-2C32-4F06-B416-A45C290B594C}.Release|Any CPU.Build.0 = Release|Any CPU
	EndGlobalSection
	GlobalSection(SolutionProperties) = preSolution
		HideSolutionNode = FALSE
	EndGlobalSection
	GlobalSection(ExtensibilityGlobals) = postSolution
		SolutionGuid = {364AFDBA-7EB7-4599-B493-E7D836B92200}
	EndGlobalSection
EndGlobal
